
Microsoft Visual Studio Solution File, Format Version 12.00
# Visual Studio Version 16
VisualStudioVersion = 16.0.31702.278
MinimumVisualStudioVersion = 10.0.40219.1
Project("{9A19103F-16F7-4668-BE54-9A1E7A4F7556}") = "Receptacle.Server", "Receptacle.Server\Receptacle.Server.csproj", "{538473EA-E53C-4708-A18E-4F254671A3FB}"
EndProject
Project("{9A19103F-16F7-4668-BE54-9A1E7A4F7556}") = "Receptacle.Shared", "Receptacle.Shared\Receptacle.Shared.csproj", "{32B164EA-EA1C-4A5A-8A29-9268B89417FA}"
EndProject
Project("{9A19103F-16F7-4668-BE54-9A1E7A4F7556}") = "Receptacle.Client", "Receptacle\Receptacle.Client.csproj", "{02B02282-F2A2-4A8E-8F31-08F1F0764660}"
EndProject
Global
	GlobalSection(SolutionConfigurationPlatforms) = preSolution
		Debug|Any CPU = Debug|Any CPU
		Release|Any CPU = Release|Any CPU
	EndGlobalSection
	GlobalSection(ProjectConfigurationPlatforms) = postSolution
		{538473EA-E53C-4708-A18E-4F254671A3FB}.Debug|Any CPU.ActiveCfg = Debug|Any CPU
		{538473EA-E53C-4708-A18E-4F254671A3FB}.Debug|Any CPU.Build.0 = Debug|Any CPU
		{538473EA-E53C-4708-A18E-4F254671A3FB}.Release|Any CPU.ActiveCfg = Release|Any CPU
		{538473EA-E53C-4708-A18E-4F254671A3FB}.Release|Any CPU.Build.0 = Release|Any CPU
		{32B164EA-EA1C-4A5A-8A29-9268B89417FA}.Debug|Any CPU.ActiveCfg = Debug|Any CPU
		{32B164EA-EA1C-4A5A-8A29-9268B89417FA}.Debug|Any CPU.Build.0 = Debug|Any CPU
		{32B164EA-EA1C-4A5A-8A29-9268B89417FA}.Release|Any CPU.ActiveCfg = Release|Any CPU
		{32B164EA-EA1C-4A5A-8A29-9268B89417FA}.Release|Any CPU.Build.0 = Release|Any CPU
		{02B02282-F2A2-4A8E-8F31-08F1F0764660}.Debug|Any CPU.ActiveCfg = Debug|Any CPU
		{02B02282-F2A2-4A8E-8F31-08F1F0764660}.Debug|Any CPU.Build.0 = Debug|Any CPU
		{02B02282-F2A2-4A8E-8F31-08F1F0764660}.Release|Any CPU.ActiveCfg = Release|Any CPU
		{02B02282-F2A2-4A8E-8F31-08F1F0764660}.Release|Any CPU.Build.0 = Release|Any CPU
	EndGlobalSection
	GlobalSection(SolutionProperties) = preSolution
		HideSolutionNode = FALSE
	EndGlobalSection
	GlobalSection(ExtensibilityGlobals) = postSolution
		SolutionGuid = {475FFBE1-FF47-4E49-839C-14AB174F6528}
	EndGlobalSection
EndGlobal
